
Microsoft Visual Studio Solution File, Format Version 12.00
# Visual Studio Version 17
VisualStudioVersion = 17.14.37111.16 d17.14
MinimumVisualStudioVersion = 10.0.40219.1
Project("{FAE04EC0-301F-11D3-BF4B-00C04F79EFBC}") = "Actividad tienda virtual+repaso", "Actividad tienda virtual+repaso\Actividad tienda virtual+repaso.csproj", "{DA215738-E4E7-4ADF-A2A2-3AD93E1DC167}"
EndProject
Global
	GlobalSection(SolutionConfigurationPlatforms) = preSolution
		Debug|Any CPU = Debug|Any CPU
		Release|Any CPU = Release|Any CPU
	EndGlobalSection
	GlobalSection(ProjectConfigurationPlatforms) = postSolution
		{DA215738-E4E7-4ADF-A2A2-3AD93E1DC167}.Debug|Any CPU.ActiveCfg = Debug|Any CPU
		{DA215738-E4E7-4ADF-A2A2-3AD93E1DC167}.Debug|Any CPU.Build.0 = Debug|Any CPU
		{DA215738-E4E7-4ADF-A2A2-3AD93E1DC167}.Release|Any CPU.ActiveCfg = Release|Any CPU
		{DA215738-E4E7-4ADF-A2A2-3AD93E1DC167}.Release|Any CPU.Build.0 = Release|Any CPU
	EndGlobalSection
	GlobalSection(SolutionProperties) = preSolution
		HideSolutionNode = FALSE
	EndGlobalSection
	GlobalSection(ExtensibilityGlobals) = postSolution
		SolutionGuid = {7FBAA31C-C398-4FA4-A919-B01F1C146A1A}
	EndGlobalSection
EndGlobal
